
Microsoft Visual Studio Solution File, Format Version 11.00
# Visual Studio 2010
Project("{FAE04EC0-301F-11D3-BF4B-00C04F79EFBC}") = "Assembly-CSharp", "Assembly-CSharp.csproj", "{8D73B75B-3760-2894-7395-FDC271097B3C}"
EndProject
Project("{FAE04EC0-301F-11D3-BF4B-00C04F79EFBC}") = "Assembly-CSharp-Editor", "Assembly-CSharp-Editor.csproj", "{CDE3DA32-3604-0D69-BF23-A3ABE4D45AC8}"
EndProject
Global
	GlobalSection(SolutionConfigurationPlatforms) = preSolution
		Debug|Any CPU = Debug|Any CPU
		Release|Any CPU = Release|Any CPU
	EndGlobalSection
	GlobalSection(ProjectConfigurationPlatforms) = postSolution
		{8D73B75B-3760-2894-7395-FDC271097B3C}.Debug|Any CPU.ActiveCfg = Debug|Any CPU
		{8D73B75B-3760-2894-7395-FDC271097B3C}.Debug|Any CPU.Build.0 = Debug|Any CPU
		{8D73B75B-3760-2894-7395-FDC271097B3C}.Release|Any CPU.ActiveCfg = Release|Any CPU
		{8D73B75B-3760-2894-7395-FDC271097B3C}.Release|Any CPU.Build.0 = Release|Any CPU
		{CDE3DA32-3604-0D69-BF23-A3ABE4D45AC8}.Debug|Any CPU.ActiveCfg = Debug|Any CPU
		{CDE3DA32-3604-0D69-BF23-A3ABE4D45AC8}.Debug|Any CPU.Build.0 = Debug|Any CPU
		{CDE3DA32-3604-0D69-BF23-A3ABE4D45AC8}.Release|Any CPU.ActiveCfg = Release|Any CPU
		{CDE3DA32-3604-0D69-BF23-A3ABE4D45AC8}.Release|Any CPU.Build.0 = Release|Any CPU
	EndGlobalSection
	GlobalSection(SolutionProperties) = preSolution
		HideSolutionNode = FALSE
	EndGlobalSection
	GlobalSection(MonoDevelopProperties) = preSolution
		StartupItem = Assembly-CSharp.csproj
	EndGlobalSection
EndGlobal
